// !$*UTF8*$!
{
	archiveVersion = 1;
	classes = {
	};
	objectVersion = 46;
	objects = {

/* Begin PBXBuildFile section */
		0E69B9091A054A4700942145 /* AppDelegate.m in Sources */ = {isa = PBXBuildFile; fileRef = 0E69B8EF1A054A4700942145 /* AppDelegate.m */; };
		0E69B90A1A054A4700942145 /* LaunchScreen.xib in Resources */ = {isa = PBXBuildFile; fileRef = 0E69B8F01A054A4700942145 /* LaunchScreen.xib */; };
		0E69B90D1A054A4700942145 /* HTKRootViewController.m in Sources */ = {isa = PBXBuildFile; fileRef = 0E69B8F91A054A4700942145 /* HTKRootViewController.m */; };
		0E69B90E1A054A4700942145 /* Images.xcassets in Resources */ = {isa = PBXBuildFile; fileRef = 0E69B8FA1A054A4700942145 /* Images.xcassets */; };
		0E69B9101A054A4700942145 /* main.m in Sources */ = {isa = PBXBuildFile; fileRef = 0E69B8FC1A054A4700942145 /* main.m */; };
		0E69B9111A054A4700942145 /* HTKSampleCollectionViewCell.m in Sources */ = {isa = PBXBuildFile; fileRef = 0E69B9001A054A4700942145 /* HTKSampleCollectionViewCell.m */; };
		0E69B9121A054A4700942145 /* HTKSampleTableViewCell.m in Sources */ = {isa = PBXBuildFile; fileRef = 0E69B9021A054A4700942145 /* HTKSampleTableViewCell.m */; };
		0E69B9131A054A4700942145 /* SampleData.plist in Resources */ = {isa = PBXBuildFile; fileRef = 0E69B9041A054A4700942145 /* SampleData.plist */; };
		0E69B9141A054A4700942145 /* HTKSampleCollectionViewController.m in Sources */ = {isa = PBXBuildFile; fileRef = 0E69B9061A054A4700942145 /* HTKSampleCollectionViewController.m */; };
		0E69B9151A054A4700942145 /* HTKSampleTableViewController.m in Sources */ = {isa = PBXBuildFile; fileRef = 0E69B9081A054A4700942145 /* HTKSampleTableViewController.m */; };
		0E69B91F1A054A8200942145 /* HTKDynamicResizingCollectionViewCell.m in Sources */ = {isa = PBXBuildFile; fileRef = 0E69B9191A054A8200942145 /* HTKDynamicResizingCollectionViewCell.m */; };
		0E69B9201A054A8200942145 /* HTKDynamicResizingTableViewCell.m in Sources */ = {isa = PBXBuildFile; fileRef = 0E69B91E1A054A8200942145 /* HTKDynamicResizingTableViewCell.m */; };
		B54CA4F71A30A2FB00930CE1 /* SwiftSampleTableViewController.swift in Sources */ = {isa = PBXBuildFile; fileRef = B54CA4F61A30A2FB00930CE1 /* SwiftSampleTableViewController.swift */; };
		B54CA4F91A30A3C900930CE1 /* SwiftSampleCollectionViewController.swift in Sources */ = {isa = PBXBuildFile; fileRef = B54CA4F81A30A3C900930CE1 /* SwiftSampleCollectionViewController.swift */; };
/* End PBXBuildFile section */

/* Begin PBXFileReference section */
		0E69B8EE1A054A4700942145 /* AppDelegate.h */ = {isa = PBXFileReference; fileEncoding = 4; lastKnownFileType = sourcecode.c.h; path = AppDelegate.h; sourceTree = "<group>"; };
		0E69B8EF1A054A4700942145 /* AppDelegate.m */ = {isa = PBXFileReference; fileEncoding = 4; lastKnownFileType = sourcecode.c.objc; path = AppDelegate.m; sourceTree = "<group>"; };
		0E69B8F11A054A4700942145 /* Base */ = {isa = PBXFileReference; lastKnownFileType = file.xib; name = Base; path = Base.lproj/LaunchScreen.xib; sourceTree = "<group>"; };
		0E69B8F81A054A4700942145 /* HTKRootViewController.h */ = {isa = PBXFileReference; fileEncoding = 4; lastKnownFileType = sourcecode.c.h; path = HTKRootViewController.h; sourceTree = "<group>"; };
		0E69B8F91A054A4700942145 /* HTKRootViewController.m */ = {isa = PBXFileReference; fileEncoding = 4; lastKnownFileType = sourcecode.c.objc; path = HTKRootViewController.m; sourceTree = "<group>"; };
		0E69B8FA1A054A4700942145 /* Images.xcassets */ = {isa = PBXFileReference; lastKnownFileType = folder.assetcatalog; path = Images.xcassets; sourceTree = "<group>"; };
		0E69B8FB1A054A4700942145 /* Info.plist */ = {isa = PBXFileReference; fileEncoding = 4; lastKnownFileType = text.plist.xml; path = Info.plist; sourceTree = "<group>"; };
		0E69B8FC1A054A4700942145 /* main.m */ = {isa = PBXFileReference; fileEncoding = 4; lastKnownFileType = sourcecode.c.objc; path = main.m; sourceTree = "<group>"; };
		0E69B8FF1A054A4700942145 /* HTKSampleCollectionViewCell.h */ = {isa = PBXFileReference; fileEncoding = 4; lastKnownFileType = sourcecode.c.h; path = HTKSampleCollectionViewCell.h; sourceTree = "<group>"; };
		0E69B9001A054A4700942145 /* HTKSampleCollectionViewCell.m */ = {isa = PBXFileReference; fileEncoding = 4; lastKnownFileType = sourcecode.c.objc; path = HTKSampleCollectionViewCell.m; sourceTree = "<group>"; };
		0E69B9011A054A4700942145 /* HTKSampleTableViewCell.h */ = {isa = PBXFileReference; fileEncoding = 4; lastKnownFileType = sourcecode.c.h; path = HTKSampleTableViewCell.h; sourceTree = "<group>"; };
		0E69B9021A054A4700942145 /* HTKSampleTableViewCell.m */ = {isa = PBXFileReference; fileEncoding = 4; lastKnownFileType = sourcecode.c.objc; path = HTKSampleTableViewCell.m; sourceTree = "<group>"; };
		0E69B9041A054A4700942145 /* SampleData.plist */ = {isa = PBXFileReference; fileEncoding = 4; lastKnownFileType = text.plist.xml; path = SampleData.plist; sourceTree = "<group>"; };
		0E69B9051A054A4700942145 /* HTKSampleCollectionViewController.h */ = {isa = PBXFileReference; fileEncoding = 4; lastKnownFileType = sourcecode.c.h; path = HTKSampleCollectionViewController.h; sourceTree = "<group>"; };
		0E69B9061A054A4700942145 /* HTKSampleCollectionViewController.m */ = {isa = PBXFileReference; fileEncoding = 4; lastKnownFileType = sourcecode.c.objc; path = HTKSampleCollectionViewController.m; sourceTree = "<group>"; };
		0E69B9071A054A4700942145 /* HTKSampleTableViewController.h */ = {isa = PBXFileReference; fileEncoding = 4; lastKnownFileType = sourcecode.c.h; path = HTKSampleTableViewController.h; sourceTree = "<group>"; };
		0E69B9081A054A4700942145 /* HTKSampleTableViewController.m */ = {isa = PBXFileReference; fileEncoding = 4; lastKnownFileType = sourcecode.c.objc; path = HTKSampleTableViewController.m; sourceTree = "<group>"; };
		0E69B9181A054A8200942145 /* HTKDynamicResizingCollectionViewCell.h */ = {isa = PBXFileReference; fileEncoding = 4; lastKnownFileType = sourcecode.c.h; path = HTKDynamicResizingCollectionViewCell.h; sourceTree = "<group>"; };
		0E69B9191A054A8200942145 /* HTKDynamicResizingCollectionViewCell.m */ = {isa = PBXFileReference; fileEncoding = 4; lastKnownFileType = sourcecode.c.objc; path = HTKDynamicResizingCollectionViewCell.m; sourceTree = "<group>"; };
		0E69B91B1A054A8200942145 /* HTKDynamicResizingCellProtocol.h */ = {isa = PBXFileReference; fileEncoding = 4; lastKnownFileType = sourcecode.c.h; path = HTKDynamicResizingCellProtocol.h; sourceTree = "<group>"; };
		0E69B91D1A054A8200942145 /* HTKDynamicResizingTableViewCell.h */ = {isa = PBXFileReference; fileEncoding = 4; lastKnownFileType = sourcecode.c.h; path = HTKDynamicResizingTableViewCell.h; sourceTree = "<group>"; };
		0E69B91E1A054A8200942145 /* HTKDynamicResizingTableViewCell.m */ = {isa = PBXFileReference; fileEncoding = 4; lastKnownFileType = sourcecode.c.objc; path = HTKDynamicResizingTableViewCell.m; sourceTree = "<group>"; };
		0EEF79CA1A03C4B80047807A /* HTKDynamicResizingCellDemo.app */ = {isa = PBXFileReference; explicitFileType = wrapper.application; includeInIndex = 0; path = HTKDynamicResizingCellDemo.app; sourceTree = BUILT_PRODUCTS_DIR; };
		B54CA4F51A30A2FA00930CE1 /* HTKDynamicResizingCellDemo-Bridging-Header.h */ = {isa = PBXFileReference; lastKnownFileType = sourcecode.c.h; name = "HTKDynamicResizingCellDemo-Bridging-Header.h"; path = "Sample/HTKDynamicResizingCellDemo-Bridging-Header.h"; sourceTree = "<group>"; };
		B54CA4F61A30A2FB00930CE1 /* SwiftSampleTableViewController.swift */ = {isa = PBXFileReference; fileEncoding = 4; lastKnownFileType = sourcecode.swift; path = SwiftSampleTableViewController.swift; sourceTree = "<group>"; };
		B54CA4F81A30A3C900930CE1 /* SwiftSampleCollectionViewController.swift */ = {isa = PBXFileReference; fileEncoding = 4; lastKnownFileType = sourcecode.swift; path = SwiftSampleCollectionViewController.swift; sourceTree = "<group>"; };
/* End PBXFileReference section */

/* Begin PBXFrameworksBuildPhase section */
		0EEF79C71A03C4B80047807A /* Frameworks */ = {
			isa = PBXFrameworksBuildPhase;
			buildActionMask = 2147483647;
			files = (
			);
			runOnlyForDeploymentPostprocessing = 0;
		};
/* End PBXFrameworksBuildPhase section */

/* Begin PBXGroup section */
		0E69B8ED1A054A4700942145 /* HTKDynamicResizingCellDemo */ = {
			isa = PBXGroup;
			children = (
				0E69B9161A054A8200942145 /* HTKDynamicResizingCell */,
				0E69B8FD1A054A4700942145 /* Sample */,
				0E69B8EE1A054A4700942145 /* AppDelegate.h */,
				0E69B8EF1A054A4700942145 /* AppDelegate.m */,
				B54CA4F51A30A2FA00930CE1 /* HTKDynamicResizingCellDemo-Bridging-Header.h */,
				0E69B8F01A054A4700942145 /* LaunchScreen.xib */,
				0E69B8F81A054A4700942145 /* HTKRootViewController.h */,
				0E69B8F91A054A4700942145 /* HTKRootViewController.m */,
				0E69B8FA1A054A4700942145 /* Images.xcassets */,
				0E69B8FB1A054A4700942145 /* Info.plist */,
				0E69B8FC1A054A4700942145 /* main.m */,
			);
			name = HTKDynamicResizingCellDemo;
			sourceTree = "<group>";
		};
		0E69B8FD1A054A4700942145 /* Sample */ = {
			isa = PBXGroup;
			children = (
				0E69B8FE1A054A4700942145 /* Cell */,
				0E69B9031A054A4700942145 /* Data */,
				0E69B9051A054A4700942145 /* HTKSampleCollectionViewController.h */,
				0E69B9061A054A4700942145 /* HTKSampleCollectionViewController.m */,
				0E69B9071A054A4700942145 /* HTKSampleTableViewController.h */,
				0E69B9081A054A4700942145 /* HTKSampleTableViewController.m */,
				B54CA4F81A30A3C900930CE1 /* SwiftSampleCollectionViewController.swift */,
				B54CA4F61A30A2FB00930CE1 /* SwiftSampleTableViewController.swift */,
			);
			path = Sample;
			sourceTree = "<group>";
		};
		0E69B8FE1A054A4700942145 /* Cell */ = {
			isa = PBXGroup;
			children = (
				0E69B8FF1A054A4700942145 /* HTKSampleCollectionViewCell.h */,
				0E69B9001A054A4700942145 /* HTKSampleCollectionViewCell.m */,
				0E69B9011A054A4700942145 /* HTKSampleTableViewCell.h */,
				0E69B9021A054A4700942145 /* HTKSampleTableViewCell.m */,
			);
			path = Cell;
			sourceTree = "<group>";
		};
		0E69B9031A054A4700942145 /* Data */ = {
			isa = PBXGroup;
			children = (
				0E69B9041A054A4700942145 /* SampleData.plist */,
			);
			path = Data;
			sourceTree = "<group>";
		};
		0E69B9161A054A8200942145 /* HTKDynamicResizingCell */ = {
			isa = PBXGroup;
			children = (
				0E69B9171A054A8200942145 /* CollectionView */,
				0E69B91A1A054A8200942145 /* Protocol */,
				0E69B91C1A054A8200942145 /* TableView */,
			);
			name = HTKDynamicResizingCell;
			path = ../HTKDynamicResizingCell;
			sourceTree = "<group>";
		};
		0E69B9171A054A8200942145 /* CollectionView */ = {
			isa = PBXGroup;
			children = (
				0E69B9181A054A8200942145 /* HTKDynamicResizingCollectionViewCell.h */,
				0E69B9191A054A8200942145 /* HTKDynamicResizingCollectionViewCell.m */,
			);
			path = CollectionView;
			sourceTree = "<group>";
		};
		0E69B91A1A054A8200942145 /* Protocol */ = {
			isa = PBXGroup;
			children = (
				0E69B91B1A054A8200942145 /* HTKDynamicResizingCellProtocol.h */,
			);
			path = Protocol;
			sourceTree = "<group>";
		};
		0E69B91C1A054A8200942145 /* TableView */ = {
			isa = PBXGroup;
			children = (
				0E69B91D1A054A8200942145 /* HTKDynamicResizingTableViewCell.h */,
				0E69B91E1A054A8200942145 /* HTKDynamicResizingTableViewCell.m */,
			);
			path = TableView;
			sourceTree = "<group>";
		};
		0EEF79C11A03C4B80047807A = {
			isa = PBXGroup;
			children = (
				0E69B8ED1A054A4700942145 /* HTKDynamicResizingCellDemo */,
				0EEF79CB1A03C4B80047807A /* Products */,
			);
			sourceTree = "<group>";
		};
		0EEF79CB1A03C4B80047807A /* Products */ = {
			isa = PBXGroup;
			children = (
				0EEF79CA1A03C4B80047807A /* HTKDynamicResizingCellDemo.app */,
			);
			name = Products;
			sourceTree = "<group>";
		};
/* End PBXGroup section */

/* Begin PBXNativeTarget section */
		0EEF79C91A03C4B80047807A /* HTKDynamicResizingCellDemo */ = {
			isa = PBXNativeTarget;
			buildConfigurationList = 0EEF79ED1A03C4B80047807A /* Build configuration list for PBXNativeTarget "HTKDynamicResizingCellDemo" */;
			buildPhases = (
				0EEF79C61A03C4B80047807A /* Sources */,
				0EEF79C71A03C4B80047807A /* Frameworks */,
				0EEF79C81A03C4B80047807A /* Resources */,
			);
			buildRules = (
			);
			dependencies = (
			);
			name = HTKDynamicResizingCellDemo;
			productName = HTKDynamicResizingCell;
			productReference = 0EEF79CA1A03C4B80047807A /* HTKDynamicResizingCellDemo.app */;
			productType = "com.apple.product-type.application";
		};
/* End PBXNativeTarget section */

/* Begin PBXProject section */
		0EEF79C21A03C4B80047807A /* Project object */ = {
			isa = PBXProject;
			attributes = {
				LastUpgradeCheck = 0600;
				ORGANIZATIONNAME = "Henry T Kirk";
				TargetAttributes = {
					0EEF79C91A03C4B80047807A = {
						CreatedOnToolsVersion = 6.0.1;
					};
				};
			};
			buildConfigurationList = 0EEF79C51A03C4B80047807A /* Build configuration list for PBXProject "HTKDynamicResizingCellDemo" */;
			compatibilityVersion = "Xcode 3.2";
			developmentRegion = English;
			hasScannedForEncodings = 0;
			knownRegions = (
				en,
				Base,
			);
			mainGroup = 0EEF79C11A03C4B80047807A;
			productRefGroup = 0EEF79CB1A03C4B80047807A /* Products */;
			projectDirPath = "";
			projectRoot = "";
			targets = (
				0EEF79C91A03C4B80047807A /* HTKDynamicResizingCellDemo */,
			);
		};
/* End PBXProject section */

/* Begin PBXResourcesBuildPhase section */
		0EEF79C81A03C4B80047807A /* Resources */ = {
			isa = PBXResourcesBuildPhase;
			buildActionMask = 2147483647;
			files = (
				0E69B90E1A054A4700942145 /* Images.xcassets in Resources */,
				0E69B90A1A054A4700942145 /* LaunchScreen.xib in Resources */,
				0E69B9131A054A4700942145 /* SampleData.plist in Resources */,
			);
			runOnlyForDeploymentPostprocessing = 0;
		};
/* End PBXResourcesBuildPhase section */

/* Begin PBXSourcesBuildPhase section */
		0EEF79C61A03C4B80047807A /* Sources */ = {
			isa = PBXSourcesBuildPhase;
			buildActionMask = 2147483647;
			files = (
				0E69B90D1A054A4700942145 /* HTKRootViewController.m in Sources */,
				B54CA4F91A30A3C900930CE1 /* SwiftSampleCollectionViewController.swift in Sources */,
				B54CA4F71A30A2FB00930CE1 /* SwiftSampleTableViewController.swift in Sources */,
				0E69B9151A054A4700942145 /* HTKSampleTableViewController.m in Sources */,
				0E69B91F1A054A8200942145 /* HTKDynamicResizingCollectionViewCell.m in Sources */,
				0E69B9121A054A4700942145 /* HTKSampleTableViewCell.m in Sources */,
				0E69B9141A054A4700942145 /* HTKSampleCollectionViewController.m in Sources */,
				0E69B9201A054A8200942145 /* HTKDynamicResizingTableViewCell.m in Sources */,
				0E69B9101A054A4700942145 /* main.m in Sources */,
				0E69B9111A054A4700942145 /* HTKSampleCollectionViewCell.m in Sources */,
				0E69B9091A054A4700942145 /* AppDelegate.m in Sources */,
			);
			runOnlyForDeploymentPostprocessing = 0;
		};
/* End PBXSourcesBuildPhase section */

/* Begin PBXVariantGroup section */
		0E69B8F01A054A4700942145 /* LaunchScreen.xib */ = {
			isa = PBXVariantGroup;
			children = (
				0E69B8F11A054A4700942145 /* Base */,
			);
			name = LaunchScreen.xib;
			sourceTree = "<group>";
		};
/* End PBXVariantGroup section */

/* Begin XCBuildConfiguration section */
		0EEF79EB1A03C4B80047807A /* Debug */ = {
			isa = XCBuildConfiguration;
			buildSettings = {
				ALWAYS_SEARCH_USER_PATHS = NO;
				CLANG_CXX_LANGUAGE_STANDARD = "gnu++0x";
				CLANG_CXX_LIBRARY = "libc++";
				CLANG_ENABLE_MODULES = YES;
				CLANG_ENABLE_OBJC_ARC = YES;
				CLANG_WARN_BOOL_CONVERSION = YES;
				CLANG_WARN_CONSTANT_CONVERSION = YES;
				CLANG_WARN_DIRECT_OBJC_ISA_USAGE = YES_ERROR;
				CLANG_WARN_EMPTY_BODY = YES;
				CLANG_WARN_ENUM_CONVERSION = YES;
				CLANG_WARN_INT_CONVERSION = YES;
				CLANG_WARN_OBJC_ROOT_CLASS = YES_ERROR;
				CLANG_WARN_UNREACHABLE_CODE = YES;
				CLANG_WARN__DUPLICATE_METHOD_MATCH = YES;
				"CODE_SIGN_IDENTITY[sdk=iphoneos*]" = "iPhone Developer";
				COPY_PHASE_STRIP = NO;
				DEFINES_MODULE = YES;
				ENABLE_STRICT_OBJC_MSGSEND = YES;
				GCC_C_LANGUAGE_STANDARD = gnu99;
				GCC_DYNAMIC_NO_PIC = NO;
				GCC_OPTIMIZATION_LEVEL = 0;
				GCC_PREPROCESSOR_DEFINITIONS = (
					"DEBUG=1",
					"$(inherited)",
				);
				GCC_SYMBOLS_PRIVATE_EXTERN = NO;
				GCC_WARN_64_TO_32_BIT_CONVERSION = YES;
				GCC_WARN_ABOUT_RETURN_TYPE = YES_ERROR;
				GCC_WARN_UNDECLARED_SELECTOR = YES;
				GCC_WARN_UNINITIALIZED_AUTOS = YES_AGGRESSIVE;
				GCC_WARN_UNUSED_FUNCTION = YES;
				GCC_WARN_UNUSED_VARIABLE = YES;
				IPHONEOS_DEPLOYMENT_TARGET = 7.0;
				MTL_ENABLE_DEBUG_INFO = YES;
				ONLY_ACTIVE_ARCH = YES;
				SDKROOT = iphoneos;
				TARGETED_DEVICE_FAMILY = "1,2";
			};
			name = Debug;
		};
		0EEF79EC1A03C4B80047807A /* Release */ = {
			isa = XCBuildConfiguration;
			buildSettings = {
				ALWAYS_SEARCH_USER_PATHS = NO;
				CLANG_CXX_LANGUAGE_STANDARD = "gnu++0x";
				CLANG_CXX_LIBRARY = "libc++";
				CLANG_ENABLE_MODULES = YES;
				CLANG_ENABLE_OBJC_ARC = YES;
				CLANG_WARN_BOOL_CONVERSION = YES;
				CLANG_WARN_CONSTANT_CONVERSION = YES;
				CLANG_WARN_DIRECT_OBJC_ISA_USAGE = YES_ERROR;
				CLANG_WARN_EMPTY_BODY = YES;
				CLANG_WARN_ENUM_CONVERSION = YES;
				CLANG_WARN_INT_CONVERSION = YES;
				CLANG_WARN_OBJC_ROOT_CLASS = YES_ERROR;
				CLANG_WARN_UNREACHABLE_CODE = YES;
				CLANG_WARN__DUPLICATE_METHOD_MATCH = YES;
				"CODE_SIGN_IDENTITY[sdk=iphoneos*]" = "iPhone Developer";
				COPY_PHASE_STRIP = YES;
				DEFINES_MODULE = YES;
				ENABLE_NS_ASSERTIONS = NO;
				ENABLE_STRICT_OBJC_MSGSEND = YES;
				GCC_C_LANGUAGE_STANDARD = gnu99;
				GCC_WARN_64_TO_32_BIT_CONVERSION = YES;
				GCC_WARN_ABOUT_RETURN_TYPE = YES_ERROR;
				GCC_WARN_UNDECLARED_SELECTOR = YES;
				GCC_WARN_UNINITIALIZED_AUTOS = YES_AGGRESSIVE;
				GCC_WARN_UNUSED_FUNCTION = YES;
				GCC_WARN_UNUSED_VARIABLE = YES;
				IPHONEOS_DEPLOYMENT_TARGET = 7.0;
				MTL_ENABLE_DEBUG_INFO = NO;
				SDKROOT = iphoneos;
				TARGETED_DEVICE_FAMILY = "1,2";
				VALIDATE_PRODUCT = YES;
			};
			name = Release;
		};
		0EEF79EE1A03C4B80047807A /* Debug */ = {
			isa = XCBuildConfiguration;
			buildSettings = {
				ASSETCATALOG_COMPILER_APPICON_NAME = AppIcon;
				ASSETCATALOG_COMPILER_LAUNCHIMAGE_NAME = LaunchImage;
				CLANG_ENABLE_MODULES = YES;
				INFOPLIST_FILE = "$(SRCROOT)/Info.plist";
				IPHONEOS_DEPLOYMENT_TARGET = 7.0;
				LD_RUNPATH_SEARCH_PATHS = "$(inherited) @executable_path/Frameworks";
				PRODUCT_NAME = HTKDynamicResizingCellDemo;
				SWIFT_OBJC_BRIDGING_HEADER = "Sample/HTKDynamicResizingCellDemo-Bridging-Header.h";
				SWIFT_OPTIMIZATION_LEVEL = "-Onone";
			};
			name = Debug;
		};
		0EEF79EF1A03C4B80047807A /* Release */ = {
			isa = XCBuildConfiguration;
			buildSettings = {
				ASSETCATALOG_COMPILER_APPICON_NAME = AppIcon;
				ASSETCATALOG_COMPILER_LAUNCHIMAGE_NAME = LaunchImage;
				CLANG_ENABLE_MODULES = YES;
				INFOPLIST_FILE = "$(SRCROOT)/Info.plist";
				IPHONEOS_DEPLOYMENT_TARGET = 7.0;
				LD_RUNPATH_SEARCH_PATHS = "$(inherited) @executable_path/Frameworks";
				PRODUCT_NAME = HTKDynamicResizingCellDemo;
				SWIFT_OBJC_BRIDGING_HEADER = "Sample/HTKDynamicResizingCellDemo-Bridging-Header.h";
			};
			name = Release;
		};
/* End XCBuildConfiguration section */

/* Begin XCConfigurationList section */
		0EEF79C51A03C4B80047807A /* Build configuration list for PBXProject "HTKDynamicResizingCellDemo" */ = {
			isa = XCConfigurationList;
			buildConfigurations = (
				0EEF79EB1A03C4B80047807A /* Debug */,
				0EEF79EC1A03C4B80047807A /* Release */,
			);
			defaultConfigurationIsVisible = 0;
			defaultConfigurationName = Release;
		};
		0EEF79ED1A03C4B80047807A /* Build configuration list for PBXNativeTarget "HTKDynamicResizingCellDemo" */ = {
			isa = XCConfigurationList;
			buildConfigurations = (
				0EEF79EE1A03C4B80047807A /* Debug */,
				0EEF79EF1A03C4B80047807A /* Release */,
			);
			defaultConfigurationIsVisible = 0;
			defaultConfigurationName = Release;
		};
/* End XCConfigurationList section */
	};
	rootObject = 0EEF79C21A03C4B80047807A /* Project object */;
}
